
Microsoft Visual Studio Solution File, Format Version 12.00
# Visual Studio Version 17
VisualStudioVersion = 17.13.35825.156 d17.13
MinimumVisualStudioVersion = 10.0.40219.1
Project("{FAE04EC0-301F-11D3-BF4B-00C04F79EFBC}") = "Exercicio12", "Exercicio12\Exercicio12.csproj", "{AB56434E-56D5-419C-A207-38E0ED3033ED}"
EndProject
Global
	GlobalSection(SolutionConfigurationPlatforms) = preSolution
		Debug|Any CPU = Debug|Any CPU
		Release|Any CPU = Release|Any CPU
	EndGlobalSection
	GlobalSection(ProjectConfigurationPlatforms) = postSolution
		{AB56434E-56D5-419C-A207-38E0ED3033ED}.Debug|Any CPU.ActiveCfg = Debug|Any CPU
		{AB56434E-56D5-419C-A207-38E0ED3033ED}.Debug|Any CPU.Build.0 = Debug|Any CPU
		{AB56434E-56D5-419C-A207-38E0ED3033ED}.Release|Any CPU.ActiveCfg = Release|Any CPU
		{AB56434E-56D5-419C-A207-38E0ED3033ED}.Release|Any CPU.Build.0 = Release|Any CPU
	EndGlobalSection
	GlobalSection(SolutionProperties) = preSolution
		HideSolutionNode = FALSE
	EndGlobalSection
	GlobalSection(ExtensibilityGlobals) = postSolution
		SolutionGuid = {09777C24-1D96-4078-B5FB-110B432FA36B}
	EndGlobalSection
EndGlobal
