
Microsoft Visual Studio Solution File, Format Version 12.00
# Visual Studio Version 17
VisualStudioVersion = 17.13.35825.156 d17.13
MinimumVisualStudioVersion = 10.0.40219.1
Project("{FAE04EC0-301F-11D3-BF4B-00C04F79EFBC}") = "Exercicio08", "Exercicio08\Exercicio08.csproj", "{5B592FD1-B1A9-4681-97BE-00BED1376377}"
EndProject
Global
	GlobalSection(SolutionConfigurationPlatforms) = preSolution
		Debug|Any CPU = Debug|Any CPU
		Release|Any CPU = Release|Any CPU
	EndGlobalSection
	GlobalSection(ProjectConfigurationPlatforms) = postSolution
		{5B592FD1-B1A9-4681-97BE-00BED1376377}.Debug|Any CPU.ActiveCfg = Debug|Any CPU
		{5B592FD1-B1A9-4681-97BE-00BED1376377}.Debug|Any CPU.Build.0 = Debug|Any CPU
		{5B592FD1-B1A9-4681-97BE-00BED1376377}.Release|Any CPU.ActiveCfg = Release|Any CPU
		{5B592FD1-B1A9-4681-97BE-00BED1376377}.Release|Any CPU.Build.0 = Release|Any CPU
	EndGlobalSection
	GlobalSection(SolutionProperties) = preSolution
		HideSolutionNode = FALSE
	EndGlobalSection
	GlobalSection(ExtensibilityGlobals) = postSolution
		SolutionGuid = {06E8F52B-52F6-4692-B7F5-FBE0F4249145}
	EndGlobalSection
EndGlobal
