
Microsoft Visual Studio Solution File, Format Version 12.00
# Visual Studio Version 17
VisualStudioVersion = 17.13.35825.156 d17.13
MinimumVisualStudioVersion = 10.0.40219.1
Project("{FAE04EC0-301F-11D3-BF4B-00C04F79EFBC}") = "Exercicio11", "Exercicio11\Exercicio11.csproj", "{18CDE155-5A38-429F-9B6A-BEEEE833FA9D}"
EndProject
Global
	GlobalSection(SolutionConfigurationPlatforms) = preSolution
		Debug|Any CPU = Debug|Any CPU
		Release|Any CPU = Release|Any CPU
	EndGlobalSection
	GlobalSection(ProjectConfigurationPlatforms) = postSolution
		{18CDE155-5A38-429F-9B6A-BEEEE833FA9D}.Debug|Any CPU.ActiveCfg = Debug|Any CPU
		{18CDE155-5A38-429F-9B6A-BEEEE833FA9D}.Debug|Any CPU.Build.0 = Debug|Any CPU
		{18CDE155-5A38-429F-9B6A-BEEEE833FA9D}.Release|Any CPU.ActiveCfg = Release|Any CPU
		{18CDE155-5A38-429F-9B6A-BEEEE833FA9D}.Release|Any CPU.Build.0 = Release|Any CPU
	EndGlobalSection
	GlobalSection(SolutionProperties) = preSolution
		HideSolutionNode = FALSE
	EndGlobalSection
	GlobalSection(ExtensibilityGlobals) = postSolution
		SolutionGuid = {DF9BCDFE-D9C3-4525-AEE1-27872B72639E}
	EndGlobalSection
EndGlobal
