
Microsoft Visual Studio Solution File, Format Version 12.00
# Visual Studio Version 17
VisualStudioVersion = 17.13.35825.156 d17.13
MinimumVisualStudioVersion = 10.0.40219.1
Project("{FAE04EC0-301F-11D3-BF4B-00C04F79EFBC}") = "Exercicio10", "Exercicio10\Exercicio10.csproj", "{A682A1A1-E9F8-463C-8176-FC2F35D136CD}"
EndProject
Global
	GlobalSection(SolutionConfigurationPlatforms) = preSolution
		Debug|Any CPU = Debug|Any CPU
		Release|Any CPU = Release|Any CPU
	EndGlobalSection
	GlobalSection(ProjectConfigurationPlatforms) = postSolution
		{A682A1A1-E9F8-463C-8176-FC2F35D136CD}.Debug|Any CPU.ActiveCfg = Debug|Any CPU
		{A682A1A1-E9F8-463C-8176-FC2F35D136CD}.Debug|Any CPU.Build.0 = Debug|Any CPU
		{A682A1A1-E9F8-463C-8176-FC2F35D136CD}.Release|Any CPU.ActiveCfg = Release|Any CPU
		{A682A1A1-E9F8-463C-8176-FC2F35D136CD}.Release|Any CPU.Build.0 = Release|Any CPU
	EndGlobalSection
	GlobalSection(SolutionProperties) = preSolution
		HideSolutionNode = FALSE
	EndGlobalSection
	GlobalSection(ExtensibilityGlobals) = postSolution
		SolutionGuid = {41E14259-2855-4224-A939-02DB53473D25}
	EndGlobalSection
EndGlobal
