
Microsoft Visual Studio Solution File, Format Version 12.00
# Visual Studio Version 17
VisualStudioVersion = 17.13.35825.156 d17.13
MinimumVisualStudioVersion = 10.0.40219.1
Project("{FAE04EC0-301F-11D3-BF4B-00C04F79EFBC}") = "Exercicio06", "Exercicio06\Exercicio06.csproj", "{EC956686-065B-4D22-80EE-B0097B050BA1}"
EndProject
Global
	GlobalSection(SolutionConfigurationPlatforms) = preSolution
		Debug|Any CPU = Debug|Any CPU
		Release|Any CPU = Release|Any CPU
	EndGlobalSection
	GlobalSection(ProjectConfigurationPlatforms) = postSolution
		{EC956686-065B-4D22-80EE-B0097B050BA1}.Debug|Any CPU.ActiveCfg = Debug|Any CPU
		{EC956686-065B-4D22-80EE-B0097B050BA1}.Debug|Any CPU.Build.0 = Debug|Any CPU
		{EC956686-065B-4D22-80EE-B0097B050BA1}.Release|Any CPU.ActiveCfg = Release|Any CPU
		{EC956686-065B-4D22-80EE-B0097B050BA1}.Release|Any CPU.Build.0 = Release|Any CPU
	EndGlobalSection
	GlobalSection(SolutionProperties) = preSolution
		HideSolutionNode = FALSE
	EndGlobalSection
	GlobalSection(ExtensibilityGlobals) = postSolution
		SolutionGuid = {F173C509-0216-4F86-B679-9F44734801C1}
	EndGlobalSection
EndGlobal
